# THIS IS AN AUTOGENERATED FILE. DO NOT EDIT THIS FILE DIRECTLY.
# yarn lockfile v1


"@photostructure/tz-lookup@^7.0.0":
  version "7.0.0"
  resolved "https://registry.yarnpkg.com/@photostructure/tz-lookup/-/tz-lookup-7.0.0.tgz#b079412e7fea59033e441c08fcdb37d7c3c05901"
  integrity sha512-pTRsZz7Sn4yAtItC7I4+0segDHosMyOtJgAXg+xvDOolT0Xz4IFWqBV33OMCWoaNd3oQb60wbWhLeCQgJCyZAA==

"@types/luxon@^3.1.0":
  version "3.2.0"
  resolved "https://registry.yarnpkg.com/@types/luxon/-/luxon-3.2.0.tgz#99901b4ab29a5fdffc88fff59b3b47fbfbe0557b"
  integrity sha512-lGmaGFoaXHuOLXFvuju2bfvZRqxAqkHPx9Y9IQdQABrinJJshJwfNCKV+u7rR3kJbiqfTF/NhOkcxxAFrObyaA==

batch-cluster@^11.0.0:
  version "11.0.0"
  resolved "https://registry.yarnpkg.com/batch-cluster/-/batch-cluster-11.0.0.tgz#739fd88ec99befc45a21458a16a8e00c27e4dbb5"
  integrity sha512-8iwqa+rKTaakOHkqdcXDT5L5117pa+FoP8/yAKpNdL44ZnC4V2NEA/sIg0ZO0O9NkpdjLk0A3efRFM5nVizqHw==

exiftool-vendored.exe@12.50.0:
  version "12.50.0"
  resolved "https://registry.yarnpkg.com/exiftool-vendored.exe/-/exiftool-vendored.exe-12.50.0.tgz#d6dd5e7238067d76775bf47b3b75379624ca1ffb"
  integrity sha512-V14ucZUVw1az/FVi6jO2KcKKLWRQKByC1K7xOYdpQJEP9hEIr+tHJdVCwldpd9NBysacAlBTHpHRaTYUXyIMJw==

exiftool-vendored.pl@12.50.0:
  version "12.50.0"
  resolved "https://registry.yarnpkg.com/exiftool-vendored.pl/-/exiftool-vendored.pl-12.50.0.tgz#6633516e48df21b6ed4edc3e51f97b5a0961ea08"
  integrity sha512-QwIPI1+RLM8cJyKgolvz7d9mrdPxB9b6VxIngheUn+92QUT0ZVQZJ/g57zX6Uh5qQaCISsyQU1uARcRAHhFlGg==

exiftool-vendored@^18.6.0:
  version "18.6.0"
  resolved "https://registry.yarnpkg.com/exiftool-vendored/-/exiftool-vendored-18.6.0.tgz#eed3b86f09df94a5c5c36e44ec02d46e5c10ed95"
  integrity sha512-5mDYKq7VMPuyFilXicSLZph1One/ynKUA+KJxt9seKDXzsx+kcfWGz7BzaCApJTdenV1hb8vEZY6dQ/YetOvHg==
  dependencies:
    "@photostructure/tz-lookup" "^7.0.0"
    "@types/luxon" "^3.1.0"
    batch-cluster "^11.0.0"
    he "^1.2.0"
    luxon "^3.1.0"
  optionalDependencies:
    exiftool-vendored.exe "12.50.0"
    exiftool-vendored.pl "12.50.0"

he@^1.2.0:
  version "1.2.0"
  resolved "https://registry.yarnpkg.com/he/-/he-1.2.0.tgz#84ae65fa7eafb165fddb61566ae14baf05664f0f"
  integrity sha512-F/1DnUGPopORZi0ni+CvrCgHQ5FyEAHRLSApuYWMmrbSwoN2Mn/7k+Gl38gJnR7yyDZk6WLXwiGod1JOWNDKGw==

luxon@^3.1.0:
  version "3.2.1"
  resolved "https://registry.yarnpkg.com/luxon/-/luxon-3.2.1.tgz#14f1af209188ad61212578ea7e3d518d18cee45f"
  integrity sha512-QrwPArQCNLAKGO/C+ZIilgIuDnEnKx5QYODdDtbFaxzsbZcc/a7WFq7MhsVYgRlwawLtvOUESTlfJ+hc/USqPg==

mkdirp@^1.0.4:
  version "1.0.4"
  resolved "https://registry.yarnpkg.com/mkdirp/-/mkdirp-1.0.4.tgz#3eb5ed62622756d79a5f0e2a221dfebad75c2f7e"
  integrity sha512-vVqVZQyf3WLx2Shd0qJ9xuvqgAyKPLAiqITEtqW0oIUjzo3PePDd6fW9iFz30ef7Ysp/oiWqbhszeGWW2T6Gzw==

uuid@^9.0.0:
  version "9.0.0"
  resolved "https://registry.yarnpkg.com/uuid/-/uuid-9.0.0.tgz#592f550650024a38ceb0c562f2f6aa435761efb5"
  integrity sha512-MXcSTerfPa4uqyzStbRoTgt5XIe3x5+42+q1sDuy3R5MDk66URdLMOZe5aPX/SQd+kuYAh0FdP/pO28IkQyTeg==
