# THIS IS AN AUTOGENERATED FILE. DO NOT EDIT THIS FILE DIRECTLY.
# yarn lockfile v1


dist-exiftool@^10.53.0:
  version "10.53.0"
  resolved "https://registry.yarnpkg.com/dist-exiftool/-/dist-exiftool-10.53.0.tgz#8bd17bac1e43deacd81d9adacd0f1e24c690100f"
  integrity sha512-rWjalcN4eU76iA1wwQjXpdPgiNq8k3cbV+YvXdoJVsnYTVTTtRogY9bbHDhMtU76mFv46JkFuQzZkIsSkf6xfA==
  dependencies:
    platform-dependent-modules "0.0.14"
  optionalDependencies:
    exiftool.exe "10.53"
    exiftool.pl "10.53"

exiftool.exe@10.53:
  version "10.53.0"
  resolved "https://registry.yarnpkg.com/exiftool.exe/-/exiftool.exe-10.53.0.tgz#22b1ce60fb8db589469d1aa5b0a1fe09a35bc454"
  integrity sha512-+79RKU+qass902BldGmxTmIfIiEnzYc57JiYawVDu2/Alu20AgsZpyBspdWFENX+xcmFKLLvc8ZcuIxbEiqnSw==

exiftool.pl@10.53:
  version "10.53.0"
  resolved "https://registry.yarnpkg.com/exiftool.pl/-/exiftool.pl-10.53.0.tgz#63c1646b3ad0aed1ce1313d7b5d07da4d7b13d84"
  integrity sha512-IgCT0YmeZAzQK9OVZAXBUIZQ1HU2Ml12mwqyzKKyATqVxUwUghnqS7+gSUzmbfsJsQ1k6uV1OboDPGn7Y4bi5A==

mkdirp@^1.0.4:
  version "1.0.4"
  resolved "https://registry.yarnpkg.com/mkdirp/-/mkdirp-1.0.4.tgz#3eb5ed62622756d79a5f0e2a221dfebad75c2f7e"
  integrity sha512-vVqVZQyf3WLx2Shd0qJ9xuvqgAyKPLAiqITEtqW0oIUjzo3PePDd6fW9iFz30ef7Ysp/oiWqbhszeGWW2T6Gzw==

platform-dependent-modules@0.0.14:
  version "0.0.14"
  resolved "https://registry.yarnpkg.com/platform-dependent-modules/-/platform-dependent-modules-0.0.14.tgz#3c53d0415d81ce22dcfde15665d0cfd541d41617"
  integrity sha512-6nOD+RSVmI5Xu1bD8DWetQ3rlgyPq4n5j5esDXn5H+J2XBTvK6t51DP/NZH5CvIlGw3VmOu+7R+WhbYoBDcNEA==

uuid@^9.0.0:
  version "9.0.0"
  resolved "https://registry.yarnpkg.com/uuid/-/uuid-9.0.0.tgz#592f550650024a38ceb0c562f2f6aa435761efb5"
  integrity sha512-MXcSTerfPa4uqyzStbRoTgt5XIe3x5+42+q1sDuy3R5MDk66URdLMOZe5aPX/SQd+kuYAh0FdP/pO28IkQyTeg==
